{
    "_readme": [
        "This file locks the dependencies of your project to a known state",
        "Read more about it at https://getcomposer.org/doc/01-basic-usage.md#composer-lock-the-lock-file",
        "This file is @generated automatically"
    ],
    "content-hash": "08c9eb3ae0cff6da008c5f330ace8204",
    "packages": [
        {
            "name": "icecave/parity",
            "version": "1.0.0",
            "source": {
                "type": "git",
                "url": "https://github.com/IcecaveStudios/parity.git",
                "reference": "0109fef58b3230d23b20b2ac52ecdf477218d300"
            },
            "dist": {
                "type": "zip",
                "url": "https://api.github.com/repos/IcecaveStudios/parity/zipball/0109fef58b3230d23b20b2ac52ecdf477218d300",
                "reference": "0109fef58b3230d23b20b2ac52ecdf477218d300",
                "shasum": ""
            },
            "require": {
                "icecave/repr": "~1",
                "php": ">=5.3"
            },
            "require-dev": {
                "eloquent/liberator": "~1",
                "icecave/archer": "~1"
            },
            "suggest": {
                "eloquent/asplode": "Drop-in exception-based error handling."
            },
            "type": "library",
            "autoload": {
                "psr-0": {
                    "Icecave\\Parity": "src"
                }
            },
            "notification-url": "https://packagist.org/downloads/",
            "license": [
                "MIT"
            ],
            "authors": [
                {
                    "name": "James Harris",
                    "email": "james.harris@icecave.com.au",
                    "homepage": "https://github.com/jmalloc"
                }
            ],
            "description": "A customizable deep comparison library.",
            "homepage": "https://github.com/IcecaveStudios/parity",
            "keywords": [
                "compare",
                "comparison",
                "equal",
                "equality",
                "greater",
                "less",
                "sort",
                "sorting"
            ],
            "time": "2014-01-17T05:56:27+00:00"
        },
        {
            "name": "icecave/repr",
            "version": "dev-develop",
            "source": {
                "type": "git",
                "url": "https://github.com/IcecaveStudios/repr.git",
                "reference": "99f3e6e2ce65468bc88380a066c0e8eea5c182a4"
            },
            "dist": {
                "type": "zip",
                "url": "https://api.github.com/repos/IcecaveStudios/repr/zipball/99f3e6e2ce65468bc88380a066c0e8eea5c182a4",
                "reference": "99f3e6e2ce65468bc88380a066c0e8eea5c182a4",
                "shasum": ""
            },
            "require": {
                "php": ">=5.3"
            },
            "require-dev": {
                "icecave/archer": "~1"
            },
            "type": "library",
            "extra": {
                "branch-alias": {
                    "dev-develop": "1.0.x-dev"
                }
            },
            "autoload": {
                "psr-4": {
                    "Icecave\\Repr\\": "src"
                }
            },
            "notification-url": "https://packagist.org/downloads/",
            "license": [
                "MIT"
            ],
            "authors": [
                {
                    "name": "James Harris",
                    "email": "james.harris@icecave.com.au",
                    "homepage": "https://github.com/jmalloc"
                }
            ],
            "description": "A library for generating string representations of any value, inspired by Python's reprlib library.",
            "homepage": "https://github.com/IcecaveStudios/repr",
            "keywords": [
                "human",
                "readable",
                "repr",
                "representation",
                "string"
            ],
            "time": "2015-02-04T23:25:18+00:00"
        },
        {
            "name": "justinrainbow/json-schema",
            "version": "dev-master",
            "source": {
                "type": "git",
                "url": "https://github.com/justinrainbow/json-schema.git",
                "reference": "08a09f3b509d786d8ec6df801dbede330ea71112"
            },
            "dist": {
                "type": "zip",
                "url": "https://api.github.com/repos/justinrainbow/json-schema/zipball/08a09f3b509d786d8ec6df801dbede330ea71112",
                "reference": "08a09f3b509d786d8ec6df801dbede330ea71112",
                "shasum": ""
            },
            "require": {
                "icecave/parity": "1.0.0",
                "marc-mabe/php-enum": "2.3.1",
                "php": ">=5.3.3"
            },
            "require-dev": {
                "friendsofphp/php-cs-fixer": "^2.1",
                "json-schema/json-schema-test-suite": "1.2.0",
                "phpunit/phpunit": "^4.8.35"
            },
            "bin": [
                "bin/validate-json"
            ],
            "type": "library",
            "extra": {
                "branch-alias": {
                    "dev-master": "5.0.x-dev"
                }
            },
            "autoload": {
                "psr-4": {
                    "JsonSchema\\": "src/JsonSchema/"
                }
            },
            "notification-url": "https://packagist.org/downloads/",
            "license": [
                "MIT"
            ],
            "authors": [
                {
                    "name": "Bruno Prieto Reis",
                    "email": "bruno.p.reis@gmail.com"
                },
                {
                    "name": "Justin Rainbow",
                    "email": "justin.rainbow@gmail.com"
                },
                {
                    "name": "Igor Wiedler",
                    "email": "igor@wiedler.ch"
                },
                {
                    "name": "Robert Schönthal",
                    "email": "seroscho@googlemail.com"
                }
            ],
            "description": "A library to validate a json schema.",
            "homepage": "https://github.com/justinrainbow/json-schema",
            "keywords": [
                "json",
                "schema"
            ],
            "time": "2018-08-14T03:20:21+00:00"
        },
        {
            "name": "marc-mabe/php-enum",
            "version": "v2.3.1",
            "source": {
                "type": "git",
                "url": "https://github.com/marc-mabe/php-enum.git",
                "reference": "09f0163a6e040d5e9de9271fd6cfdefb12e3e498"
            },
            "dist": {
                "type": "zip",
                "url": "https://api.github.com/repos/marc-mabe/php-enum/zipball/09f0163a6e040d5e9de9271fd6cfdefb12e3e498",
                "reference": "09f0163a6e040d5e9de9271fd6cfdefb12e3e498",
                "shasum": ""
            },
            "require": {
                "ext-reflection": "*",
                "php": ">=5.3"
            },
            "require-dev": {
                "phpunit/phpunit": "~4.0"
            },
            "suggest": {
                "php": "PHP>=5.4 will be required for using trait EnumSerializableTrait"
            },
            "type": "library",
            "extra": {
                "branch-alias": {
                    "dev-master": "2.3-dev",
                    "dev-1.x": "1.3-dev"
                }
            },
            "autoload": {
                "psr-4": {
                    "MabeEnum\\": "src/"
                }
            },
            "notification-url": "https://packagist.org/downloads/",
            "license": [
                "BSD-3-Clause"
            ],
            "authors": [
                {
                    "name": "Marc Bennewitz",
                    "email": "dev@mabe.berlin",
                    "homepage": "http://mabe.berlin/",
                    "role": "Lead"
                }
            ],
            "description": "Simple and fast implementation of enumerations with native PHP 5.3 and upper",
            "homepage": "https://github.com/marc-mabe/php-enum",
            "keywords": [
                "enum",
                "enum-map",
                "enum-set",
                "enumeration",
                "enummap",
                "enumset",
                "type-hint",
                "typehint"
            ],
            "time": "2016-12-21T13:13:11+00:00"
        },
        {
            "name": "rmccue/requests",
            "version": "v1.7.0",
            "source": {
                "type": "git",
                "url": "https://github.com/rmccue/Requests.git",
                "reference": "87932f52ffad70504d93f04f15690cf16a089546"
            },
            "dist": {
                "type": "zip",
                "url": "https://api.github.com/repos/rmccue/Requests/zipball/87932f52ffad70504d93f04f15690cf16a089546",
                "reference": "87932f52ffad70504d93f04f15690cf16a089546",
                "shasum": ""
            },
            "require": {
                "php": ">=5.2"
            },
            "require-dev": {
                "requests/test-server": "dev-master"
            },
            "type": "library",
            "autoload": {
                "psr-0": {
                    "Requests": "library/"
                }
            },
            "notification-url": "https://packagist.org/downloads/",
            "license": [
                "ISC"
            ],
            "authors": [
                {
                    "name": "Ryan McCue",
                    "homepage": "http://ryanmccue.info"
                }
            ],
            "description": "A HTTP library written in PHP, for human beings.",
            "homepage": "http://github.com/rmccue/Requests",
            "keywords": [
                "curl",
                "fsockopen",
                "http",
                "idna",
                "ipv6",
                "iri",
                "sockets"
            ],
            "time": "2016-10-13T00:11:37+00:00"
        },
        {
            "name": "wp-api/client",
            "version": "dev-master",
            "source": {
                "type": "git",
                "url": "https://github.com/WP-API/client-php.git",
                "reference": "105f2b9e9c161eb090a93dad6b907dc162f05846"
            },
            "dist": {
                "type": "zip",
                "url": "https://api.github.com/repos/WP-API/client-php/zipball/105f2b9e9c161eb090a93dad6b907dc162f05846",
                "reference": "105f2b9e9c161eb090a93dad6b907dc162f05846",
                "shasum": ""
            },
            "require": {
                "justinrainbow/json-schema": "dev-master",
                "rmccue/requests": "~1.6"
            },
            "type": "library",
            "notification-url": "https://packagist.org/downloads/",
            "license": [
                "GPL"
            ],
            "description": "Client for the WordPress JSON REST API",
            "time": "2014-05-27T05:52:28+00:00"
        }
    ],
    "packages-dev": [],
    "aliases": [],
    "minimum-stability": "dev",
    "stability-flags": {
        "wp-api/client": 20
    },
    "prefer-stable": false,
    "prefer-lowest": false,
    "platform": [],
    "platform-dev": []
}
